
Microsoft Visual Studio Solution File, Format Version 12.00
# Visual Studio Version 16
VisualStudioVersion = 16.0.31424.327
MinimumVisualStudioVersion = 10.0.40219.1
Project("{FAE04EC0-301F-11D3-BF4B-00C04F79EFBC}") = "App.Android", "App\App.Android\App.Android.csproj", "{B38A4C4F-E08E-4068-AF3F-1A93E46380E7}"
EndProject
Project("{FAE04EC0-301F-11D3-BF4B-00C04F79EFBC}") = "App", "App\App\App.csproj", "{B77F4348-8F79-4081-B555-31D3AFC0334E}"
EndProject
Global
	GlobalSection(SolutionConfigurationPlatforms) = preSolution
		Debug|Any CPU = Debug|Any CPU
		Release|Any CPU = Release|Any CPU
	EndGlobalSection
	GlobalSection(ProjectConfigurationPlatforms) = postSolution
		{B38A4C4F-E08E-4068-AF3F-1A93E46380E7}.Debug|Any CPU.ActiveCfg = Debug|Any CPU
		{B38A4C4F-E08E-4068-AF3F-1A93E46380E7}.Debug|Any CPU.Build.0 = Debug|Any CPU
		{B38A4C4F-E08E-4068-AF3F-1A93E46380E7}.Debug|Any CPU.Deploy.0 = Debug|Any CPU
		{B38A4C4F-E08E-4068-AF3F-1A93E46380E7}.Release|Any CPU.ActiveCfg = Release|Any CPU
		{B38A4C4F-E08E-4068-AF3F-1A93E46380E7}.Release|Any CPU.Build.0 = Release|Any CPU
		{B38A4C4F-E08E-4068-AF3F-1A93E46380E7}.Release|Any CPU.Deploy.0 = Release|Any CPU
		{B77F4348-8F79-4081-B555-31D3AFC0334E}.Debug|Any CPU.ActiveCfg = Debug|Any CPU
		{B77F4348-8F79-4081-B555-31D3AFC0334E}.Debug|Any CPU.Build.0 = Debug|Any CPU
		{B77F4348-8F79-4081-B555-31D3AFC0334E}.Debug|Any CPU.Deploy.0 = Debug|Any CPU
		{B77F4348-8F79-4081-B555-31D3AFC0334E}.Release|Any CPU.ActiveCfg = Release|Any CPU
		{B77F4348-8F79-4081-B555-31D3AFC0334E}.Release|Any CPU.Build.0 = Release|Any CPU
		{B77F4348-8F79-4081-B555-31D3AFC0334E}.Release|Any CPU.Deploy.0 = Release|Any CPU
	EndGlobalSection
	GlobalSection(SolutionProperties) = preSolution
		HideSolutionNode = FALSE
	EndGlobalSection
	GlobalSection(ExtensibilityGlobals) = postSolution
		SolutionGuid = {5B5141D2-2BDF-4221-9A0A-67ED6A332569}
	EndGlobalSection
EndGlobal
